
Microsoft Visual Studio Solution File, Format Version 12.00
# Visual Studio 15
VisualStudioVersion = 15.0.26730.12
MinimumVisualStudioVersion = 10.0.40219.1
Project("{FAE04EC0-301F-11D3-BF4B-00C04F79EFBC}") = "Do_An_Cuoi_Ky", "Do_An_Cuoi_Ky\Do_An_Cuoi_Ky.csproj", "{D7012CF0-C3BB-4462-9D24-5FAF3E0BD0AF}"
EndProject
Global
	GlobalSection(SolutionConfigurationPlatforms) = preSolution
		Debug|Any CPU = Debug|Any CPU
		Release|Any CPU = Release|Any CPU
	EndGlobalSection
	GlobalSection(ProjectConfigurationPlatforms) = postSolution
		{D7012CF0-C3BB-4462-9D24-5FAF3E0BD0AF}.Debug|Any CPU.ActiveCfg = Debug|Any CPU
		{D7012CF0-C3BB-4462-9D24-5FAF3E0BD0AF}.Debug|Any CPU.Build.0 = Debug|Any CPU
		{D7012CF0-C3BB-4462-9D24-5FAF3E0BD0AF}.Release|Any CPU.ActiveCfg = Release|Any CPU
		{D7012CF0-C3BB-4462-9D24-5FAF3E0BD0AF}.Release|Any CPU.Build.0 = Release|Any CPU
	EndGlobalSection
	GlobalSection(SolutionProperties) = preSolution
		HideSolutionNode = FALSE
	EndGlobalSection
	GlobalSection(ExtensibilityGlobals) = postSolution
		SolutionGuid = {5B541BF4-80B2-42DF-9893-18D3E15B1A1B}
	EndGlobalSection
EndGlobal
